// !$*UTF8*$!
{
	archiveVersion = 1;
	classes = {
	};
	objectVersion = 46;
	objects = {

/* Begin PBXBuildFile section */
		C93973CE171B313100380D31 /* UIKit.framework in Frameworks */ = {isa = PBXBuildFile; fileRef = C93973CD171B313100380D31 /* UIKit.framework */; };
		C93973D0171B313100380D31 /* Foundation.framework in Frameworks */ = {isa = PBXBuildFile; fileRef = C93973CF171B313100380D31 /* Foundation.framework */; };
		C93973D2171B313100380D31 /* CoreGraphics.framework in Frameworks */ = {isa = PBXBuildFile; fileRef = C93973D1171B313100380D31 /* CoreGraphics.framework */; };
		C93973D8171B313100380D31 /* InfoPlist.strings in Resources */ = {isa = PBXBuildFile; fileRef = C93973D6171B313100380D31 /* InfoPlist.strings */; };
		C93973DA171B313100380D31 /* main.m in Sources */ = {isa = PBXBuildFile; fileRef = C93973D9171B313100380D31 /* main.m */; };
		C93973DE171B313100380D31 /* MTZAppDelegate.m in Sources */ = {isa = PBXBuildFile; fileRef = C93973DD171B313100380D31 /* MTZAppDelegate.m */; };
		C93973E0171B313100380D31 /* Default.png in Resources */ = {isa = PBXBuildFile; fileRef = C93973DF171B313100380D31 /* Default.png */; };
		C93973E2171B313100380D31 /* Default@2x.png in Resources */ = {isa = PBXBuildFile; fileRef = C93973E1171B313100380D31 /* Default@2x.png */; };
		C93973E4171B313100380D31 /* Default-568h@2x.png in Resources */ = {isa = PBXBuildFile; fileRef = C93973E3171B313100380D31 /* Default-568h@2x.png */; };
		C93973E7171B313100380D31 /* MTZViewController.m in Sources */ = {isa = PBXBuildFile; fileRef = C93973E6171B313100380D31 /* MTZViewController.m */; };
		C93973EA171B313100380D31 /* MTZViewController.xib in Resources */ = {isa = PBXBuildFile; fileRef = C93973E8171B313100380D31 /* MTZViewController.xib */; };
		C93973F2171B326400380D31 /* MTZSlideToReveal.m in Sources */ = {isa = PBXBuildFile; fileRef = C93973F1171B326400380D31 /* MTZSlideToReveal.m */; };
		C93973F5171C870C00380D31 /* Field.png in Resources */ = {isa = PBXBuildFile; fileRef = C93973F3171C870C00380D31 /* Field.png */; };
		C93973F6171C870C00380D31 /* Field@2x.png in Resources */ = {isa = PBXBuildFile; fileRef = C93973F4171C870C00380D31 /* Field@2x.png */; };
		C93973F9171C8E3E00380D31 /* Slider.png in Resources */ = {isa = PBXBuildFile; fileRef = C93973F7171C8E3E00380D31 /* Slider.png */; };
		C93973FA171C8E3E00380D31 /* Slider@2x.png in Resources */ = {isa = PBXBuildFile; fileRef = C93973F8171C8E3E00380D31 /* Slider@2x.png */; };
		C9C0347B171E4481005A766B /* QuartzCore.framework in Frameworks */ = {isa = PBXBuildFile; fileRef = C9C0347A171E4481005A766B /* QuartzCore.framework */; };
/* End PBXBuildFile section */

/* Begin PBXFileReference section */
		C93973CA171B313100380D31 /* Slide to Reveal.app */ = {isa = PBXFileReference; explicitFileType = wrapper.application; includeInIndex = 0; path = "Slide to Reveal.app"; sourceTree = BUILT_PRODUCTS_DIR; };
		C93973CD171B313100380D31 /* UIKit.framework */ = {isa = PBXFileReference; lastKnownFileType = wrapper.framework; name = UIKit.framework; path = System/Library/Frameworks/UIKit.framework; sourceTree = SDKROOT; };
		C93973CF171B313100380D31 /* Foundation.framework */ = {isa = PBXFileReference; lastKnownFileType = wrapper.framework; name = Foundation.framework; path = System/Library/Frameworks/Foundation.framework; sourceTree = SDKROOT; };
		C93973D1171B313100380D31 /* CoreGraphics.framework */ = {isa = PBXFileReference; lastKnownFileType = wrapper.framework; name = CoreGraphics.framework; path = System/Library/Frameworks/CoreGraphics.framework; sourceTree = SDKROOT; };
		C93973D5171B313100380D31 /* Slide to Reveal-Info.plist */ = {isa = PBXFileReference; lastKnownFileType = text.plist.xml; path = "Slide to Reveal-Info.plist"; sourceTree = "<group>"; };
		C93973D7171B313100380D31 /* en */ = {isa = PBXFileReference; lastKnownFileType = text.plist.strings; name = en; path = en.lproj/InfoPlist.strings; sourceTree = "<group>"; };
		C93973D9171B313100380D31 /* main.m */ = {isa = PBXFileReference; lastKnownFileType = sourcecode.c.objc; path = main.m; sourceTree = "<group>"; };
		C93973DB171B313100380D31 /* Slide to Reveal-Prefix.pch */ = {isa = PBXFileReference; lastKnownFileType = sourcecode.c.h; path = "Slide to Reveal-Prefix.pch"; sourceTree = "<group>"; };
		C93973DC171B313100380D31 /* MTZAppDelegate.h */ = {isa = PBXFileReference; lastKnownFileType = sourcecode.c.h; path = MTZAppDelegate.h; sourceTree = "<group>"; };
		C93973DD171B313100380D31 /* MTZAppDelegate.m */ = {isa = PBXFileReference; lastKnownFileType = sourcecode.c.objc; path = MTZAppDelegate.m; sourceTree = "<group>"; };
		C93973DF171B313100380D31 /* Default.png */ = {isa = PBXFileReference; lastKnownFileType = image.png; path = Default.png; sourceTree = "<group>"; };
		C93973E1171B313100380D31 /* Default@2x.png */ = {isa = PBXFileReference; lastKnownFileType = image.png; path = "Default@2x.png"; sourceTree = "<group>"; };
		C93973E3171B313100380D31 /* Default-568h@2x.png */ = {isa = PBXFileReference; lastKnownFileType = image.png; path = "Default-568h@2x.png"; sourceTree = "<group>"; };
		C93973E5171B313100380D31 /* MTZViewController.h */ = {isa = PBXFileReference; lastKnownFileType = sourcecode.c.h; path = MTZViewController.h; sourceTree = "<group>"; };
		C93973E6171B313100380D31 /* MTZViewController.m */ = {isa = PBXFileReference; lastKnownFileType = sourcecode.c.objc; path = MTZViewController.m; sourceTree = "<group>"; };
		C93973E9171B313100380D31 /* en */ = {isa = PBXFileReference; lastKnownFileType = file.xib; name = en; path = en.lproj/MTZViewController.xib; sourceTree = "<group>"; };
		C93973F0171B326400380D31 /* MTZSlideToReveal.h */ = {isa = PBXFileReference; fileEncoding = 4; lastKnownFileType = sourcecode.c.h; path = MTZSlideToReveal.h; sourceTree = "<group>"; };
		C93973F1171B326400380D31 /* MTZSlideToReveal.m */ = {isa = PBXFileReference; fileEncoding = 4; lastKnownFileType = sourcecode.c.objc; path = MTZSlideToReveal.m; sourceTree = "<group>"; };
		C93973F3171C870C00380D31 /* Field.png */ = {isa = PBXFileReference; lastKnownFileType = image.png; path = Field.png; sourceTree = "<group>"; };
		C93973F4171C870C00380D31 /* Field@2x.png */ = {isa = PBXFileReference; lastKnownFileType = image.png; path = "Field@2x.png"; sourceTree = "<group>"; };
		C93973F7171C8E3E00380D31 /* Slider.png */ = {isa = PBXFileReference; lastKnownFileType = image.png; path = Slider.png; sourceTree = "<group>"; };
		C93973F8171C8E3E00380D31 /* Slider@2x.png */ = {isa = PBXFileReference; lastKnownFileType = image.png; path = "Slider@2x.png"; sourceTree = "<group>"; };
		C9C0347A171E4481005A766B /* QuartzCore.framework */ = {isa = PBXFileReference; lastKnownFileType = wrapper.framework; name = QuartzCore.framework; path = System/Library/Frameworks/QuartzCore.framework; sourceTree = SDKROOT; };
/* End PBXFileReference section */

/* Begin PBXFrameworksBuildPhase section */
		C93973C7171B313100380D31 /* Frameworks */ = {
			isa = PBXFrameworksBuildPhase;
			buildActionMask = 2147483647;
			files = (
				C93973CE171B313100380D31 /* UIKit.framework in Frameworks */,
				C93973D0171B313100380D31 /* Foundation.framework in Frameworks */,
				C93973D2171B313100380D31 /* CoreGraphics.framework in Frameworks */,
				C9C0347B171E4481005A766B /* QuartzCore.framework in Frameworks */,
			);
			runOnlyForDeploymentPostprocessing = 0;
		};
/* End PBXFrameworksBuildPhase section */

/* Begin PBXGroup section */
		C93973C1171B313100380D31 = {
			isa = PBXGroup;
			children = (
				C93973D3171B313100380D31 /* Slide to Reveal */,
				C93973CC171B313100380D31 /* Frameworks */,
				C93973CB171B313100380D31 /* Products */,
			);
			sourceTree = "<group>";
		};
		C93973CB171B313100380D31 /* Products */ = {
			isa = PBXGroup;
			children = (
				C93973CA171B313100380D31 /* Slide to Reveal.app */,
			);
			name = Products;
			sourceTree = "<group>";
		};
		C93973CC171B313100380D31 /* Frameworks */ = {
			isa = PBXGroup;
			children = (
				C93973CD171B313100380D31 /* UIKit.framework */,
				C93973CF171B313100380D31 /* Foundation.framework */,
				C93973D1171B313100380D31 /* CoreGraphics.framework */,
				C9C0347A171E4481005A766B /* QuartzCore.framework */,
			);
			name = Frameworks;
			sourceTree = "<group>";
		};
		C93973D3171B313100380D31 /* Slide to Reveal */ = {
			isa = PBXGroup;
			children = (
				C93973DC171B313100380D31 /* MTZAppDelegate.h */,
				C93973DD171B313100380D31 /* MTZAppDelegate.m */,
				C93973E5171B313100380D31 /* MTZViewController.h */,
				C93973E6171B313100380D31 /* MTZViewController.m */,
				C93973E8171B313100380D31 /* MTZViewController.xib */,
				C93973F0171B326400380D31 /* MTZSlideToReveal.h */,
				C93973F1171B326400380D31 /* MTZSlideToReveal.m */,
				C93973F3171C870C00380D31 /* Field.png */,
				C93973F4171C870C00380D31 /* Field@2x.png */,
				C93973F7171C8E3E00380D31 /* Slider.png */,
				C93973F8171C8E3E00380D31 /* Slider@2x.png */,
				C93973D4171B313100380D31 /* Supporting Files */,
			);
			path = "Slide to Reveal";
			sourceTree = "<group>";
		};
		C93973D4171B313100380D31 /* Supporting Files */ = {
			isa = PBXGroup;
			children = (
				C93973D5171B313100380D31 /* Slide to Reveal-Info.plist */,
				C93973D6171B313100380D31 /* InfoPlist.strings */,
				C93973D9171B313100380D31 /* main.m */,
				C93973DB171B313100380D31 /* Slide to Reveal-Prefix.pch */,
				C93973DF171B313100380D31 /* Default.png */,
				C93973E1171B313100380D31 /* Default@2x.png */,
				C93973E3171B313100380D31 /* Default-568h@2x.png */,
			);
			name = "Supporting Files";
			sourceTree = "<group>";
		};
/* End PBXGroup section */

/* Begin PBXNativeTarget section */
		C93973C9171B313100380D31 /* Slide to Reveal */ = {
			isa = PBXNativeTarget;
			buildConfigurationList = C93973ED171B313100380D31 /* Build configuration list for PBXNativeTarget "Slide to Reveal" */;
			buildPhases = (
				C93973C6171B313100380D31 /* Sources */,
				C93973C7171B313100380D31 /* Frameworks */,
				C93973C8171B313100380D31 /* Resources */,
			);
			buildRules = (
			);
			dependencies = (
			);
			name = "Slide to Reveal";
			productName = "Slide to Reveal";
			productReference = C93973CA171B313100380D31 /* Slide to Reveal.app */;
			productType = "com.apple.product-type.application";
		};
/* End PBXNativeTarget section */

/* Begin PBXProject section */
		C93973C2171B313100380D31 /* Project object */ = {
			isa = PBXProject;
			attributes = {
				CLASSPREFIX = MTZ;
				LastUpgradeCheck = 0460;
				ORGANIZATIONNAME = "Matt Zanchelli";
			};
			buildConfigurationList = C93973C5171B313100380D31 /* Build configuration list for PBXProject "Slide to Reveal" */;
			compatibilityVersion = "Xcode 3.2";
			developmentRegion = English;
			hasScannedForEncodings = 0;
			knownRegions = (
				en,
			);
			mainGroup = C93973C1171B313100380D31;
			productRefGroup = C93973CB171B313100380D31 /* Products */;
			projectDirPath = "";
			projectRoot = "";
			targets = (
				C93973C9171B313100380D31 /* Slide to Reveal */,
			);
		};
/* End PBXProject section */

/* Begin PBXResourcesBuildPhase section */
		C93973C8171B313100380D31 /* Resources */ = {
			isa = PBXResourcesBuildPhase;
			buildActionMask = 2147483647;
			files = (
				C93973D8171B313100380D31 /* InfoPlist.strings in Resources */,
				C93973E0171B313100380D31 /* Default.png in Resources */,
				C93973E2171B313100380D31 /* Default@2x.png in Resources */,
				C93973E4171B313100380D31 /* Default-568h@2x.png in Resources */,
				C93973EA171B313100380D31 /* MTZViewController.xib in Resources */,
				C93973F5171C870C00380D31 /* Field.png in Resources */,
				C93973F6171C870C00380D31 /* Field@2x.png in Resources */,
				C93973F9171C8E3E00380D31 /* Slider.png in Resources */,
				C93973FA171C8E3E00380D31 /* Slider@2x.png in Resources */,
			);
			runOnlyForDeploymentPostprocessing = 0;
		};
/* End PBXResourcesBuildPhase section */

/* Begin PBXSourcesBuildPhase section */
		C93973C6171B313100380D31 /* Sources */ = {
			isa = PBXSourcesBuildPhase;
			buildActionMask = 2147483647;
			files = (
				C93973DA171B313100380D31 /* main.m in Sources */,
				C93973DE171B313100380D31 /* MTZAppDelegate.m in Sources */,
				C93973E7171B313100380D31 /* MTZViewController.m in Sources */,
				C93973F2171B326400380D31 /* MTZSlideToReveal.m in Sources */,
			);
			runOnlyForDeploymentPostprocessing = 0;
		};
/* End PBXSourcesBuildPhase section */

/* Begin PBXVariantGroup section */
		C93973D6171B313100380D31 /* InfoPlist.strings */ = {
			isa = PBXVariantGroup;
			children = (
				C93973D7171B313100380D31 /* en */,
			);
			name = InfoPlist.strings;
			sourceTree = "<group>";
		};
		C93973E8171B313100380D31 /* MTZViewController.xib */ = {
			isa = PBXVariantGroup;
			children = (
				C93973E9171B313100380D31 /* en */,
			);
			name = MTZViewController.xib;
			sourceTree = "<group>";
		};
/* End PBXVariantGroup section */

/* Begin XCBuildConfiguration section */
		C93973EB171B313100380D31 /* Debug */ = {
			isa = XCBuildConfiguration;
			buildSettings = {
				ALWAYS_SEARCH_USER_PATHS = NO;
				CLANG_CXX_LANGUAGE_STANDARD = "gnu++0x";
				CLANG_CXX_LIBRARY = "libc++";
				CLANG_ENABLE_OBJC_ARC = YES;
				CLANG_WARN_CONSTANT_CONVERSION = YES;
				CLANG_WARN_EMPTY_BODY = YES;
				CLANG_WARN_ENUM_CONVERSION = YES;
				CLANG_WARN_INT_CONVERSION = YES;
				CLANG_WARN__DUPLICATE_METHOD_MATCH = YES;
				"CODE_SIGN_IDENTITY[sdk=iphoneos*]" = "iPhone Developer";
				COPY_PHASE_STRIP = NO;
				GCC_C_LANGUAGE_STANDARD = gnu99;
				GCC_DYNAMIC_NO_PIC = NO;
				GCC_OPTIMIZATION_LEVEL = 0;
				GCC_PREPROCESSOR_DEFINITIONS = (
					"DEBUG=1",
					"$(inherited)",
				);
				GCC_SYMBOLS_PRIVATE_EXTERN = NO;
				GCC_WARN_ABOUT_RETURN_TYPE = YES;
				GCC_WARN_UNINITIALIZED_AUTOS = YES;
				GCC_WARN_UNUSED_VARIABLE = YES;
				IPHONEOS_DEPLOYMENT_TARGET = 6.1;
				ONLY_ACTIVE_ARCH = YES;
				SDKROOT = iphoneos;
			};
			name = Debug;
		};
		C93973EC171B313100380D31 /* Release */ = {
			isa = XCBuildConfiguration;
			buildSettings = {
				ALWAYS_SEARCH_USER_PATHS = NO;
				CLANG_CXX_LANGUAGE_STANDARD = "gnu++0x";
				CLANG_CXX_LIBRARY = "libc++";
				CLANG_ENABLE_OBJC_ARC = YES;
				CLANG_WARN_CONSTANT_CONVERSION = YES;
				CLANG_WARN_EMPTY_BODY = YES;
				CLANG_WARN_ENUM_CONVERSION = YES;
				CLANG_WARN_INT_CONVERSION = YES;
				CLANG_WARN__DUPLICATE_METHOD_MATCH = YES;
				"CODE_SIGN_IDENTITY[sdk=iphoneos*]" = "iPhone Developer";
				COPY_PHASE_STRIP = YES;
				GCC_C_LANGUAGE_STANDARD = gnu99;
				GCC_WARN_ABOUT_RETURN_TYPE = YES;
				GCC_WARN_UNINITIALIZED_AUTOS = YES;
				GCC_WARN_UNUSED_VARIABLE = YES;
				IPHONEOS_DEPLOYMENT_TARGET = 6.1;
				OTHER_CFLAGS = "-DNS_BLOCK_ASSERTIONS=1";
				SDKROOT = iphoneos;
				VALIDATE_PRODUCT = YES;
			};
			name = Release;
		};
		C93973EE171B313100380D31 /* Debug */ = {
			isa = XCBuildConfiguration;
			buildSettings = {
				GCC_PRECOMPILE_PREFIX_HEADER = YES;
				GCC_PREFIX_HEADER = "Slide to Reveal/Slide to Reveal-Prefix.pch";
				INFOPLIST_FILE = "Slide to Reveal/Slide to Reveal-Info.plist";
				PRODUCT_NAME = "$(TARGET_NAME)";
				WRAPPER_EXTENSION = app;
			};
			name = Debug;
		};
		C93973EF171B313100380D31 /* Release */ = {
			isa = XCBuildConfiguration;
			buildSettings = {
				GCC_PRECOMPILE_PREFIX_HEADER = YES;
				GCC_PREFIX_HEADER = "Slide to Reveal/Slide to Reveal-Prefix.pch";
				INFOPLIST_FILE = "Slide to Reveal/Slide to Reveal-Info.plist";
				PRODUCT_NAME = "$(TARGET_NAME)";
				WRAPPER_EXTENSION = app;
			};
			name = Release;
		};
/* End XCBuildConfiguration section */

/* Begin XCConfigurationList section */
		C93973C5171B313100380D31 /* Build configuration list for PBXProject "Slide to Reveal" */ = {
			isa = XCConfigurationList;
			buildConfigurations = (
				C93973EB171B313100380D31 /* Debug */,
				C93973EC171B313100380D31 /* Release */,
			);
			defaultConfigurationIsVisible = 0;
			defaultConfigurationName = Release;
		};
		C93973ED171B313100380D31 /* Build configuration list for PBXNativeTarget "Slide to Reveal" */ = {
			isa = XCConfigurationList;
			buildConfigurations = (
				C93973EE171B313100380D31 /* Debug */,
				C93973EF171B313100380D31 /* Release */,
			);
			defaultConfigurationIsVisible = 0;
			defaultConfigurationName = Release;
		};
/* End XCConfigurationList section */
	};
	rootObject = C93973C2171B313100380D31 /* Project object */;
}
